{
  "name": "family-hierarchy",
  "version": "1.1.0",
  "lockfileVersion": 1,
  "requires": true,
  "dependencies": {
    "@egjs/hammerjs": {
      "version": "2.0.17",
      "resolved": "https://registry.npmjs.org/@egjs/hammerjs/-/hammerjs-2.0.17.tgz",
      "integrity": "sha512-XQsZgjm2EcVUiZQf11UBJQfmZeEmOW8DpI1gsFeln6w0ae0ii4dMQEQ0kjl6DspdWX1aGY1/loyXnP0JS06e/A==",
      "dev": true,
      "requires": {
        "@types/hammerjs": "^2.0.36"
      }
    },
    "@types/hammerjs": {
      "version": "2.0.36",
      "resolved": "https://registry.npmjs.org/@types/hammerjs/-/hammerjs-2.0.36.tgz",
      "integrity": "sha512-7TUK/k2/QGpEAv/BCwSHlYu3NXZhQ9ZwBYpzr9tjlPIL2C5BeGhH3DmVavRx3ZNyELX5TLC91JTz/cen6AAtIQ==",
      "dev": true
    },
    "moment": {
      "version": "2.29.2",
      "resolved": "https://registry.npmjs.org/moment/-/moment-2.29.2.tgz",
      "integrity": "sha512-UgzG4rvxYpN15jgCmVJwac49h9ly9NurikMWGPdVxm8GZD6XjkKPxDTjQQ43gtGgnV3X0cAyWDdP2Wexoquifg==",
      "dev": true
    },
    "vis-data": {
      "version": "6.5.3",
      "resolved": "https://registry.npmjs.org/vis-data/-/vis-data-6.5.3.tgz",
      "integrity": "sha512-y7NlLWKnzEfVVUT6LYZrTbZGrFummHlHlRa/cv8OWL5O52fi9l0qUsHk/VhBkEEuoQRR+u6ZMyriFauvXXtSKQ==",
      "dev": true
    },
    "vis-network": {
      "version": "7.6.9",
      "resolved": "https://registry.npmjs.org/vis-network/-/vis-network-7.6.9.tgz",
      "integrity": "sha512-oXB74TkXEJbhqsS6Iejj6tW+p3UohHzSub2i4lmA2e0CKkWv6MOfSCWMSwyGVLQqw58Dq6ar7/BL5Sr5xrwpvg==",
      "dev": true
    },
    "vis-util": {
      "version": "4.0.2",
      "resolved": "https://registry.npmjs.org/vis-util/-/vis-util-4.0.2.tgz",
      "integrity": "sha512-clGBek4sgafknI6CnGUZTRY0PVRr1meh8bVtEfpJVe1u1uC+t5J2ODrTVelhIPdvFtEVnfNcrrzQOo/3eSCAiw==",
      "dev": true
    }
  }
}
